{
  "originHash" : "617276848627176f5d094a6dbcf91a6a6da21875b035545832143567e99178b9",
  "pins" : [
    {
      "identity" : "swift-compositional-init",
      "kind" : "remoteSourceControl",
      "location" : "https://github.com/gistya/swift-compositional-init",
      "state" : {
        "revision" : "46115c8285305135cb288a1bf05b9f69297bc619",
        "version" : "1.1.2"
      }
    },
    {
      "identity" : "swiftxstate",
      "kind" : "remoteSourceControl",
      "location" : "https://github.com/gistya/SwiftXState/",
      "state" : {
        "revision" : "afa4e973da22398659ba883aacf7aedfbcccea33",
        "version" : "2.0.0-alpha-5"
      }
    }
  ],
  "version" : 3
}
